
Microsoft Visual Studio Solution File, Format Version 12.00
# Visual Studio Version 17
VisualStudioVersion = 17.1.32421.90
MinimumVisualStudioVersion = 10.0.40219.1
Project("{9A19103F-16F7-4668-BE54-9A1E7A4F7556}") = "HelloWorldLambda", "HelloWorldLambda\HelloWorldLambda.csproj", "{DD0E359A-F121-459A-98EA-C2A8DB4CF309}"
EndProject
Global
	GlobalSection(SolutionConfigurationPlatforms) = preSolution
		Debug|Any CPU = Debug|Any CPU
		Release|Any CPU = Release|Any CPU
	EndGlobalSection
	GlobalSection(ProjectConfigurationPlatforms) = postSolution
		{DD0E359A-F121-459A-98EA-C2A8DB4CF309}.Debug|Any CPU.ActiveCfg = Debug|Any CPU
		{DD0E359A-F121-459A-98EA-C2A8DB4CF309}.Debug|Any CPU.Build.0 = Debug|Any CPU
		{DD0E359A-F121-459A-98EA-C2A8DB4CF309}.Release|Any CPU.ActiveCfg = Release|Any CPU
		{DD0E359A-F121-459A-98EA-C2A8DB4CF309}.Release|Any CPU.Build.0 = Release|Any CPU
	EndGlobalSection
	GlobalSection(SolutionProperties) = preSolution
		HideSolutionNode = FALSE
	EndGlobalSection
	GlobalSection(ExtensibilityGlobals) = postSolution
		SolutionGuid = {81E806E1-7C97-4C15-B89E-0AA3B2B54A95}
	EndGlobalSection
EndGlobal
